{
  "requires": true,
  "lockfileVersion": 1,
  "dependencies": {
    "@tinymce/tinymce-vue": {
      "version": "3.2.8",
      "resolved": "https://registry.npmjs.org/@tinymce/tinymce-vue/-/tinymce-vue-3.2.8.tgz",
      "integrity": "sha512-jEz+NZ0g+FZFz273OEUWz9QkwPMyjc5AJYyxOgu51O1Y5UaJ/6IUddXTX6A20mwCleEv5ebwNYdalviafx4fnA=="
    }
  }
}
